{
  "lockfileVersion": 1,
  "configVersion": 0,
  "workspaces": {
    "": {
      "name": "@metabob/proto",
      "dependencies": {
        "long": "^5.2.3",
        "surrealdb": "^2.0.3",
      },
      "devDependencies": {
        "@bufbuild/buf": "^1.47.2",
        "@types/bun": "^1.1.15",
        "@types/node": "^25.2.1",
        "ts-proto": "^2.11.2",
        "typescript": "^5.9.3",
      },
    },
  },
  "packages": {
    "@bufbuild/buf": ["@bufbuild/buf@1.65.0", "", { "optionalDependencies": { "@bufbuild/buf-darwin-arm64": "1.65.0", "@bufbuild/buf-darwin-x64": "1.65.0", "@bufbuild/buf-linux-aarch64": "1.65.0", "@bufbuild/buf-linux-armv7": "1.65.0", "@bufbuild/buf-linux-x64": "1.65.0", "@bufbuild/buf-win32-arm64": "1.65.0", "@bufbuild/buf-win32-x64": "1.65.0" }, "bin": { "buf": "bin/buf", "protoc-gen-buf-breaking": "bin/protoc-gen-buf-breaking", "protoc-gen-buf-lint": "bin/protoc-gen-buf-lint" } }, "sha512-IQmIBB2CGbJAwx1NkuAWMuj4QGPnZ8mujbf4ckx9t6KI9EzfUzql1OyKi9qPrxlLAciI+kBIyPDQ2MIvXTxWUg=="],

    "@bufbuild/buf-darwin-arm64": ["@bufbuild/buf-darwin-arm64@1.65.0", "", { "os": "darwin", "cpu": "arm64" }, "sha512-2U8CHjW1ysINYKwIPcc4WAiQPxe91RIjNtjpg+RC9rP0aZ7TpGm5MTMY5l3sN4drtmKdb9rBs3bMQsMNhSc90A=="],

    "@bufbuild/buf-darwin-x64": ["@bufbuild/buf-darwin-x64@1.65.0", "", { "os": "darwin", "cpu": "x64" }, "sha512-aMqfc6pQC4L9dZpSD61XCEpPWKEtb1rXDPkK0/tzrfTWodnbaJ/elNoxsCGzbZVSMFeAdomUpXmSMrk8ALfWWw=="],

    "@bufbuild/buf-linux-aarch64": ["@bufbuild/buf-linux-aarch64@1.65.0", "", { "os": "linux", "cpu": "arm64" }, "sha512-gzqvY4PLRQ7g0+RlE9g+OL/6yPd5szG7e3Wd5bgjJzfKaQerNiQWaGyPLdcRsIM/WxJhT5e5lG8OrrWHwgQ9Ig=="],

    "@bufbuild/buf-linux-armv7": ["@bufbuild/buf-linux-armv7@1.65.0", "", { "os": "linux", "cpu": "arm" }, "sha512-RpYFuPr9MKniD+WNfDgCclyvMu+/w9kK41OWr9sNnbS2BorujskwPiY0iTf5j+8+n/MeAnLIGlyC36+vUB/wIw=="],

    "@bufbuild/buf-linux-x64": ["@bufbuild/buf-linux-x64@1.65.0", "", { "os": "linux", "cpu": "x64" }, "sha512-0j06h1uKCXlOtrlNcTBkURazT+AwMNvuVxgJsYeUDnSliN05QS7LnBzPOwKg76ariSqlLo+QXk9eNtdhgVjYOg=="],

    "@bufbuild/buf-win32-arm64": ["@bufbuild/buf-win32-arm64@1.65.0", "", { "os": "win32", "cpu": "arm64" }, "sha512-KBFsQ3iEityUuLTUCoXAO6ZTGUXWljSjK4upqofsYCb4OJeSeVguD7b09efkQt9ymKsXBt5wQicsRdkMJy/VEA=="],

    "@bufbuild/buf-win32-x64": ["@bufbuild/buf-win32-x64@1.65.0", "", { "os": "win32", "cpu": "x64" }, "sha512-vJYzHjncSLdy4sPDW8kLqUldHh6Vucg6KabAflm7CDj29lU/HydV8T+nOVsXkoRMUf4+H/qy8WjnSMEtRkaogA=="],

    "@bufbuild/protobuf": ["@bufbuild/protobuf@2.11.0", "", {}, "sha512-sBXGT13cpmPR5BMgHE6UEEfEaShh5Ror6rfN3yEK5si7QVrtZg8LEPQb0VVhiLRUslD2yLnXtnRzG035J/mZXQ=="],

    "@surrealdb/cbor": ["@surrealdb/cbor@2.0.0-alpha.4", "", {}, "sha512-l/hNZ3ZCOJq8rzwx1y5ZV/8b2bYCWdhGqRVY33Pu50NAHyAW5qLsMn3ZBkZow77mAKwNCsbDsRGnyYEuU95mjw=="],

    "@types/bun": ["@types/bun@1.3.11", "", { "dependencies": { "bun-types": "1.3.11" } }, "sha512-5vPne5QvtpjGpsGYXiFyycfpDF2ECyPcTSsFBMa0fraoxiQyMJ3SmuQIGhzPg2WJuWxVBoxWJ2kClYTcw/4fAg=="],

    "@types/node": ["@types/node@25.2.1", "", { "dependencies": { "undici-types": "~7.16.0" } }, "sha512-CPrnr8voK8vC6eEtyRzvMpgp3VyVRhgclonE7qYi6P9sXwYb59ucfrnmFBTaP0yUi8Gk4yZg/LlTJULGxvTNsg=="],

    "bun-types": ["bun-types@1.3.11", "", { "dependencies": { "@types/node": "*" } }, "sha512-1KGPpoxQWl9f6wcZh57LvrPIInQMn2TQ7jsgxqpRzg+l0QPOFvJVH7HmvHo/AiPgwXy+/Thf6Ov3EdVn1vOabg=="],

    "case-anything": ["case-anything@2.1.13", "", {}, "sha512-zlOQ80VrQ2Ue+ymH5OuM/DlDq64mEm+B9UTdHULv5osUMD6HalNTblf2b1u/m6QecjsnOkBpqVZ+XPwIVsy7Ng=="],

    "detect-libc": ["detect-libc@1.0.3", "", { "bin": "bin/detect-libc.js" }, "sha512-pGjwhsmsp4kL2RTz08wcOlGN83otlqHeD/Z5T8GXZB+/YcpQ/dgo+lbU8ZsGxV0HIvqqxo9l7mqYwyYMD9bKDg=="],

    "dprint-node": ["dprint-node@1.0.8", "", { "dependencies": { "detect-libc": "^1.0.3" } }, "sha512-iVKnUtYfGrYcW1ZAlfR/F59cUVL8QIhWoBJoSjkkdua/dkWIgjZfiLMeTjiB06X0ZLkQ0M2C1VbUj/CxkIf1zg=="],

    "long": ["long@5.3.2", "", {}, "sha512-mNAgZ1GmyNhD7AuqnTG3/VQ26o760+ZYBPKjPvugO8+nLbYfX6TVpJPseBvopbdY+qpZ/lKUnmEc1LeZYS3QAA=="],

    "surrealdb": ["surrealdb@2.0.3", "", { "dependencies": { "@surrealdb/cbor": "2.0.0-alpha.4", "uuidv7": "^1.0.1" }, "peerDependencies": { "tslib": "^2.6.3", "typescript": "^5.0.0" } }, "sha512-60dXe7K+7M5EUr6VyIgd/SEUCKFXqc54JHUhCTG8IDlqp7pmuuQQWs2wpgulp2oSXpy+9jwKhgNR/mP3wrEgfw=="],

    "ts-poet": ["ts-poet@6.12.0", "", { "dependencies": { "dprint-node": "^1.0.8" } }, "sha512-xo+iRNMWqyvXpFTaOAvLPA5QAWO6TZrSUs5s4Odaya3epqofBu/fMLHEWl8jPmjhA0s9sgj9sNvF1BmaQlmQkA=="],

    "ts-proto": ["ts-proto@2.11.2", "", { "dependencies": { "@bufbuild/protobuf": "^2.10.2", "case-anything": "^2.1.13", "ts-poet": "^6.12.0", "ts-proto-descriptors": "2.1.0" }, "bin": { "protoc-gen-ts_proto": "protoc-gen-ts_proto" } }, "sha512-+bPq2zDwNtJHtuyu2fGYgvTDxS7cBcY4u4moO1LyFA+my144Mfj9/sbNyGXKMtBK7DNXVGf76puwGa6hPzJw/g=="],

    "ts-proto-descriptors": ["ts-proto-descriptors@2.1.0", "", { "dependencies": { "@bufbuild/protobuf": "^2.0.0" } }, "sha512-S5EZYEQ6L9KLFfjSRpZWDIXDV/W7tAj8uW7pLsihIxyr62EAVSiKuVPwE8iWnr849Bqa53enex1jhDUcpgquzA=="],

    "tslib": ["tslib@2.8.1", "", {}, "sha512-oJFu94HQb+KVduSUQL7wnpmqnfmLsOA/nAh6b6EH0wCEoK0/mPeXU6c3wKDV83MkOuHPRHtSXKKU99IBazS/2w=="],

    "typescript": ["typescript@5.9.3", "", { "bin": { "tsc": "bin/tsc", "tsserver": "bin/tsserver" } }, "sha512-jl1vZzPDinLr9eUt3J/t7V6FgNEw9QjvBPdysz9KfQDD41fQrC2Y4vKQdiaUpFT4bXlb1RHhLpp8wtm6M5TgSw=="],

    "undici-types": ["undici-types@7.16.0", "", {}, "sha512-Zz+aZWSj8LE6zoxD+xrjh4VfkIG8Ya6LvYkZqtUQGJPZjYl53ypCaUwWqo7eI0x66KBGeRo+mlBEkMSeSZ38Nw=="],

    "uuidv7": ["uuidv7@1.2.1", "", { "bin": { "uuidv7": "cli.js" } }, "sha512-4kPkK3/XTQW9Hbm4CaqfICn+kY9LJtDVEOfgsRRra/+n2Ofg4NqzRFceAkxvQ/Ud/6BpHOPzj8cirqM7TzTN5Q=="],
  }
}
